// !$*UTF8*$!
{
	archiveVersion = 1;
	classes = {
	};
	objectVersion = 46;
	objects = {

/* Begin PBXBuildFile section */
		38D0134EFDBD600A9C53BF71 /* libPods-WatchKitExample.a in Frameworks */ = {isa = PBXBuildFile; fileRef = 36FDC90F6D023B2836986617 /* libPods-WatchKitExample.a */; };
		58EC84BB1AD663C000D032BD /* main.m in Sources */ = {isa = PBXBuildFile; fileRef = 58EC84BA1AD663C000D032BD /* main.m */; };
		58EC84BE1AD663C000D032BD /* AppDelegate.m in Sources */ = {isa = PBXBuildFile; fileRef = 58EC84BD1AD663C000D032BD /* AppDelegate.m */; };
		58EC84C11AD663C000D032BD /* ViewController.m in Sources */ = {isa = PBXBuildFile; fileRef = 58EC84C01AD663C000D032BD /* ViewController.m */; };
		58EC84C41AD663C000D032BD /* Main.storyboard in Resources */ = {isa = PBXBuildFile; fileRef = 58EC84C21AD663C000D032BD /* Main.storyboard */; };
		58EC84C61AD663C000D032BD /* Images.xcassets in Resources */ = {isa = PBXBuildFile; fileRef = 58EC84C51AD663C000D032BD /* Images.xcassets */; };
		58EC84C91AD663C000D032BD /* LaunchScreen.xib in Resources */ = {isa = PBXBuildFile; fileRef = 58EC84C71AD663C000D032BD /* LaunchScreen.xib */; };
		58EC84D51AD663C000D032BD /* WatchKitExampleTests.m in Sources */ = {isa = PBXBuildFile; fileRef = 58EC84D41AD663C000D032BD /* WatchKitExampleTests.m */; };
		58EC84E81AD663D700D032BD /* InterfaceController.m in Sources */ = {isa = PBXBuildFile; fileRef = 58EC84E71AD663D700D032BD /* InterfaceController.m */; };
		58EC84EA1AD663D700D032BD /* Images.xcassets in Resources */ = {isa = PBXBuildFile; fileRef = 58EC84E91AD663D700D032BD /* Images.xcassets */; };
		58EC84EE1AD663D700D032BD /* WatchKitExample WatchKit App.app in Resources */ = {isa = PBXBuildFile; fileRef = 58EC84ED1AD663D700D032BD /* WatchKitExample WatchKit App.app */; };
		58EC84F61AD663D700D032BD /* Interface.storyboard in Resources */ = {isa = PBXBuildFile; fileRef = 58EC84F41AD663D700D032BD /* Interface.storyboard */; };
		58EC84F81AD663D700D032BD /* Images.xcassets in Resources */ = {isa = PBXBuildFile; fileRef = 58EC84F71AD663D700D032BD /* Images.xcassets */; };
		58EC84FB1AD663D700D032BD /* WatchKitExample WatchKit Extension.appex in Embed App Extensions */ = {isa = PBXBuildFile; fileRef = 58EC84E21AD663D700D032BD /* WatchKitExample WatchKit Extension.appex */; settings = {ATTRIBUTES = (RemoveHeadersOnCopy, ); }; };
/* End PBXBuildFile section */

/* Begin PBXContainerItemProxy section */
		58EC84CF1AD663C000D032BD /* PBXContainerItemProxy */ = {
			isa = PBXContainerItemProxy;
			containerPortal = 58EC84AD1AD663C000D032BD /* Project object */;
			proxyType = 1;
			remoteGlobalIDString = 58EC84B41AD663C000D032BD;
			remoteInfo = WatchKitExample;
		};
		58EC84EF1AD663D700D032BD /* PBXContainerItemProxy */ = {
			isa = PBXContainerItemProxy;
			containerPortal = 58EC84AD1AD663C000D032BD /* Project object */;
			proxyType = 1;
			remoteGlobalIDString = 58EC84EC1AD663D700D032BD;
			remoteInfo = "WatchKitExample WatchKit App";
		};
		58EC84F91AD663D700D032BD /* PBXContainerItemProxy */ = {
			isa = PBXContainerItemProxy;
			containerPortal = 58EC84AD1AD663C000D032BD /* Project object */;
			proxyType = 1;
			remoteGlobalIDString = 58EC84E11AD663D700D032BD;
			remoteInfo = "WatchKitExample WatchKit Extension";
		};
/* End PBXContainerItemProxy section */

/* Begin PBXCopyFilesBuildPhase section */
		58EC85021AD663D700D032BD /* Embed App Extensions */ = {
			isa = PBXCopyFilesBuildPhase;
			buildActionMask = 2147483647;
			dstPath = "";
			dstSubfolderSpec = 13;
			files = (
				58EC84FB1AD663D700D032BD /* WatchKitExample WatchKit Extension.appex in Embed App Extensions */,
			);
			name = "Embed App Extensions";
			runOnlyForDeploymentPostprocessing = 0;
		};
/* End PBXCopyFilesBuildPhase section */

/* Begin PBXFileReference section */
		3300AB36B898D0873EEBB277 /* Pods-WatchKitExample.release.xcconfig */ = {isa = PBXFileReference; includeInIndex = 1; lastKnownFileType = text.xcconfig; name = "Pods-WatchKitExample.release.xcconfig"; path = "Pods/Target Support Files/Pods-WatchKitExample/Pods-WatchKitExample.release.xcconfig"; sourceTree = "<group>"; };
		36FDC90F6D023B2836986617 /* libPods-WatchKitExample.a */ = {isa = PBXFileReference; explicitFileType = archive.ar; includeInIndex = 0; path = "libPods-WatchKitExample.a"; sourceTree = BUILT_PRODUCTS_DIR; };
		58EC84B51AD663C000D032BD /* WatchKitExample.app */ = {isa = PBXFileReference; explicitFileType = wrapper.application; includeInIndex = 0; path = WatchKitExample.app; sourceTree = BUILT_PRODUCTS_DIR; };
		58EC84B91AD663C000D032BD /* Info.plist */ = {isa = PBXFileReference; lastKnownFileType = text.plist.xml; path = Info.plist; sourceTree = "<group>"; };
		58EC84BA1AD663C000D032BD /* main.m */ = {isa = PBXFileReference; lastKnownFileType = sourcecode.c.objc; path = main.m; sourceTree = "<group>"; };
		58EC84BC1AD663C000D032BD /* AppDelegate.h */ = {isa = PBXFileReference; lastKnownFileType = sourcecode.c.h; path = AppDelegate.h; sourceTree = "<group>"; };
		58EC84BD1AD663C000D032BD /* AppDelegate.m */ = {isa = PBXFileReference; lastKnownFileType = sourcecode.c.objc; path = AppDelegate.m; sourceTree = "<group>"; };
		58EC84BF1AD663C000D032BD /* ViewController.h */ = {isa = PBXFileReference; lastKnownFileType = sourcecode.c.h; path = ViewController.h; sourceTree = "<group>"; };
		58EC84C01AD663C000D032BD /* ViewController.m */ = {isa = PBXFileReference; lastKnownFileType = sourcecode.c.objc; path = ViewController.m; sourceTree = "<group>"; };
		58EC84C31AD663C000D032BD /* Base */ = {isa = PBXFileReference; lastKnownFileType = file.storyboard; name = Base; path = Base.lproj/Main.storyboard; sourceTree = "<group>"; };
		58EC84C51AD663C000D032BD /* Images.xcassets */ = {isa = PBXFileReference; lastKnownFileType = folder.assetcatalog; path = Images.xcassets; sourceTree = "<group>"; };
		58EC84C81AD663C000D032BD /* Base */ = {isa = PBXFileReference; lastKnownFileType = file.xib; name = Base; path = Base.lproj/LaunchScreen.xib; sourceTree = "<group>"; };
		58EC84CE1AD663C000D032BD /* WatchKitExampleTests.xctest */ = {isa = PBXFileReference; explicitFileType = wrapper.cfbundle; includeInIndex = 0; path = WatchKitExampleTests.xctest; sourceTree = BUILT_PRODUCTS_DIR; };
		58EC84D31AD663C000D032BD /* Info.plist */ = {isa = PBXFileReference; lastKnownFileType = text.plist.xml; path = Info.plist; sourceTree = "<group>"; };
		58EC84D41AD663C000D032BD /* WatchKitExampleTests.m */ = {isa = PBXFileReference; lastKnownFileType = sourcecode.c.objc; path = WatchKitExampleTests.m; sourceTree = "<group>"; };
		58EC84E21AD663D700D032BD /* WatchKitExample WatchKit Extension.appex */ = {isa = PBXFileReference; explicitFileType = "wrapper.app-extension"; includeInIndex = 0; path = "WatchKitExample WatchKit Extension.appex"; sourceTree = BUILT_PRODUCTS_DIR; };
		58EC84E51AD663D700D032BD /* Info.plist */ = {isa = PBXFileReference; lastKnownFileType = text.plist.xml; path = Info.plist; sourceTree = "<group>"; };
		58EC84E61AD663D700D032BD /* InterfaceController.h */ = {isa = PBXFileReference; lastKnownFileType = sourcecode.c.h; path = InterfaceController.h; sourceTree = "<group>"; };
		58EC84E71AD663D700D032BD /* InterfaceController.m */ = {isa = PBXFileReference; lastKnownFileType = sourcecode.c.objc; path = InterfaceController.m; sourceTree = "<group>"; };
		58EC84E91AD663D700D032BD /* Images.xcassets */ = {isa = PBXFileReference; lastKnownFileType = folder.assetcatalog; path = Images.xcassets; sourceTree = "<group>"; };
		58EC84ED1AD663D700D032BD /* WatchKitExample WatchKit App.app */ = {isa = PBXFileReference; explicitFileType = wrapper.application; includeInIndex = 0; path = "WatchKitExample WatchKit App.app"; sourceTree = BUILT_PRODUCTS_DIR; };
		58EC84F31AD663D700D032BD /* Info.plist */ = {isa = PBXFileReference; lastKnownFileType = text.plist.xml; path = Info.plist; sourceTree = "<group>"; };
		58EC84F51AD663D700D032BD /* Base */ = {isa = PBXFileReference; lastKnownFileType = file.storyboard; name = Base; path = Base.lproj/Interface.storyboard; sourceTree = "<group>"; };
		58EC84F71AD663D700D032BD /* Images.xcassets */ = {isa = PBXFileReference; lastKnownFileType = folder.assetcatalog; path = Images.xcassets; sourceTree = "<group>"; };
		84D7B8C377316E9C00BD0661 /* Pods-WatchKitExample.debug.xcconfig */ = {isa = PBXFileReference; includeInIndex = 1; lastKnownFileType = text.xcconfig; name = "Pods-WatchKitExample.debug.xcconfig"; path = "Pods/Target Support Files/Pods-WatchKitExample/Pods-WatchKitExample.debug.xcconfig"; sourceTree = "<group>"; };
/* End PBXFileReference section */

/* Begin PBXFrameworksBuildPhase section */
		58EC84B21AD663C000D032BD /* Frameworks */ = {
			isa = PBXFrameworksBuildPhase;
			buildActionMask = 2147483647;
			files = (
				38D0134EFDBD600A9C53BF71 /* libPods-WatchKitExample.a in Frameworks */,
			);
			runOnlyForDeploymentPostprocessing = 0;
		};
		58EC84CB1AD663C000D032BD /* Frameworks */ = {
			isa = PBXFrameworksBuildPhase;
			buildActionMask = 2147483647;
			files = (
			);
			runOnlyForDeploymentPostprocessing = 0;
		};
		58EC84DF1AD663D700D032BD /* Frameworks */ = {
			isa = PBXFrameworksBuildPhase;
			buildActionMask = 2147483647;
			files = (
			);
			runOnlyForDeploymentPostprocessing = 0;
		};
/* End PBXFrameworksBuildPhase section */

/* Begin PBXGroup section */
		0D632697B8B4350B83F473A5 /* Pods */ = {
			isa = PBXGroup;
			children = (
				84D7B8C377316E9C00BD0661 /* Pods-WatchKitExample.debug.xcconfig */,
				3300AB36B898D0873EEBB277 /* Pods-WatchKitExample.release.xcconfig */,
			);
			name = Pods;
			sourceTree = "<group>";
		};
		58EC84AC1AD663C000D032BD = {
			isa = PBXGroup;
			children = (
				58EC84B71AD663C000D032BD /* WatchKitExample */,
				58EC84D11AD663C000D032BD /* WatchKitExampleTests */,
				58EC84E31AD663D700D032BD /* WatchKitExample WatchKit Extension */,
				58EC84F11AD663D700D032BD /* WatchKitExample WatchKit App */,
				58EC84B61AD663C000D032BD /* Products */,
				0D632697B8B4350B83F473A5 /* Pods */,
				636B54B033470AC0B1383E90 /* Frameworks */,
			);
			sourceTree = "<group>";
		};
		58EC84B61AD663C000D032BD /* Products */ = {
			isa = PBXGroup;
			children = (
				58EC84B51AD663C000D032BD /* WatchKitExample.app */,
				58EC84CE1AD663C000D032BD /* WatchKitExampleTests.xctest */,
				58EC84E21AD663D700D032BD /* WatchKitExample WatchKit Extension.appex */,
				58EC84ED1AD663D700D032BD /* WatchKitExample WatchKit App.app */,
			);
			name = Products;
			sourceTree = "<group>";
		};
		58EC84B71AD663C000D032BD /* WatchKitExample */ = {
			isa = PBXGroup;
			children = (
				58EC84BC1AD663C000D032BD /* AppDelegate.h */,
				58EC84BD1AD663C000D032BD /* AppDelegate.m */,
				58EC84BF1AD663C000D032BD /* ViewController.h */,
				58EC84C01AD663C000D032BD /* ViewController.m */,
				58EC84C21AD663C000D032BD /* Main.storyboard */,
				58EC84C51AD663C000D032BD /* Images.xcassets */,
				58EC84C71AD663C000D032BD /* LaunchScreen.xib */,
				58EC84B81AD663C000D032BD /* Supporting Files */,
			);
			path = WatchKitExample;
			sourceTree = "<group>";
		};
		58EC84B81AD663C000D032BD /* Supporting Files */ = {
			isa = PBXGroup;
			children = (
				58EC84B91AD663C000D032BD /* Info.plist */,
				58EC84BA1AD663C000D032BD /* main.m */,
			);
			name = "Supporting Files";
			sourceTree = "<group>";
		};
		58EC84D11AD663C000D032BD /* WatchKitExampleTests */ = {
			isa = PBXGroup;
			children = (
				58EC84D41AD663C000D032BD /* WatchKitExampleTests.m */,
				58EC84D21AD663C000D032BD /* Supporting Files */,
			);
			path = WatchKitExampleTests;
			sourceTree = "<group>";
		};
		58EC84D21AD663C000D032BD /* Supporting Files */ = {
			isa = PBXGroup;
			children = (
				58EC84D31AD663C000D032BD /* Info.plist */,
			);
			name = "Supporting Files";
			sourceTree = "<group>";
		};
		58EC84E31AD663D700D032BD /* WatchKitExample WatchKit Extension */ = {
			isa = PBXGroup;
			children = (
				58EC84E61AD663D700D032BD /* InterfaceController.h */,
				58EC84E71AD663D700D032BD /* InterfaceController.m */,
				58EC84E91AD663D700D032BD /* Images.xcassets */,
				58EC84E41AD663D700D032BD /* Supporting Files */,
			);
			path = "WatchKitExample WatchKit Extension";
			sourceTree = "<group>";
		};
		58EC84E41AD663D700D032BD /* Supporting Files */ = {
			isa = PBXGroup;
			children = (
				58EC84E51AD663D700D032BD /* Info.plist */,
			);
			name = "Supporting Files";
			sourceTree = "<group>";
		};
		58EC84F11AD663D700D032BD /* WatchKitExample WatchKit App */ = {
			isa = PBXGroup;
			children = (
				58EC84F41AD663D700D032BD /* Interface.storyboard */,
				58EC84F71AD663D700D032BD /* Images.xcassets */,
				58EC84F21AD663D700D032BD /* Supporting Files */,
			);
			path = "WatchKitExample WatchKit App";
			sourceTree = "<group>";
		};
		58EC84F21AD663D700D032BD /* Supporting Files */ = {
			isa = PBXGroup;
			children = (
				58EC84F31AD663D700D032BD /* Info.plist */,
			);
			name = "Supporting Files";
			sourceTree = "<group>";
		};
		636B54B033470AC0B1383E90 /* Frameworks */ = {
			isa = PBXGroup;
			children = (
				36FDC90F6D023B2836986617 /* libPods-WatchKitExample.a */,
			);
			name = Frameworks;
			sourceTree = "<group>";
		};
/* End PBXGroup section */

/* Begin PBXNativeTarget section */
		58EC84B41AD663C000D032BD /* WatchKitExample */ = {
			isa = PBXNativeTarget;
			buildConfigurationList = 58EC84D81AD663C000D032BD /* Build configuration list for PBXNativeTarget "WatchKitExample" */;
			buildPhases = (
				92078AB4BA84D3EADAE3FC2E /* Check Pods Manifest.lock */,
				58EC84B11AD663C000D032BD /* Sources */,
				58EC84B21AD663C000D032BD /* Frameworks */,
				58EC84B31AD663C000D032BD /* Resources */,
				58EC85021AD663D700D032BD /* Embed App Extensions */,
				DCC79D0F9BA146AFECDC19F8 /* Copy Pods Resources */,
			);
			buildRules = (
			);
			dependencies = (
				58EC84FA1AD663D700D032BD /* PBXTargetDependency */,
			);
			name = WatchKitExample;
			productName = WatchKitExample;
			productReference = 58EC84B51AD663C000D032BD /* WatchKitExample.app */;
			productType = "com.apple.product-type.application";
		};
		58EC84CD1AD663C000D032BD /* WatchKitExampleTests */ = {
			isa = PBXNativeTarget;
			buildConfigurationList = 58EC84DB1AD663C000D032BD /* Build configuration list for PBXNativeTarget "WatchKitExampleTests" */;
			buildPhases = (
				58EC84CA1AD663C000D032BD /* Sources */,
				58EC84CB1AD663C000D032BD /* Frameworks */,
				58EC84CC1AD663C000D032BD /* Resources */,
			);
			buildRules = (
			);
			dependencies = (
				58EC84D01AD663C000D032BD /* PBXTargetDependency */,
			);
			name = WatchKitExampleTests;
			productName = WatchKitExampleTests;
			productReference = 58EC84CE1AD663C000D032BD /* WatchKitExampleTests.xctest */;
			productType = "com.apple.product-type.bundle.unit-test";
		};
		58EC84E11AD663D700D032BD /* WatchKitExample WatchKit Extension */ = {
			isa = PBXNativeTarget;
			buildConfigurationList = 58EC84FF1AD663D700D032BD /* Build configuration list for PBXNativeTarget "WatchKitExample WatchKit Extension" */;
			buildPhases = (
				58EC84DE1AD663D700D032BD /* Sources */,
				58EC84DF1AD663D700D032BD /* Frameworks */,
				58EC84E01AD663D700D032BD /* Resources */,
			);
			buildRules = (
			);
			dependencies = (
				58EC84F01AD663D700D032BD /* PBXTargetDependency */,
			);
			name = "WatchKitExample WatchKit Extension";
			productName = "WatchKitExample WatchKit Extension";
			productReference = 58EC84E21AD663D700D032BD /* WatchKitExample WatchKit Extension.appex */;
			productType = "com.apple.product-type.watchkit-extension";
		};
		58EC84EC1AD663D700D032BD /* WatchKitExample WatchKit App */ = {
			isa = PBXNativeTarget;
			buildConfigurationList = 58EC84FC1AD663D700D032BD /* Build configuration list for PBXNativeTarget "WatchKitExample WatchKit App" */;
			buildPhases = (
				58EC84EB1AD663D700D032BD /* Resources */,
			);
			buildRules = (
			);
			dependencies = (
			);
			name = "WatchKitExample WatchKit App";
			productName = "WatchKitExample WatchKit App";
			productReference = 58EC84ED1AD663D700D032BD /* WatchKitExample WatchKit App.app */;
			productType = "com.apple.product-type.application.watchapp";
		};
/* End PBXNativeTarget section */

/* Begin PBXProject section */
		58EC84AD1AD663C000D032BD /* Project object */ = {
			isa = PBXProject;
			attributes = {
				LastUpgradeCheck = 0620;
				ORGANIZATIONNAME = "Kuragin Dmitriy";
				TargetAttributes = {
					58EC84B41AD663C000D032BD = {
						CreatedOnToolsVersion = 6.2;
					};
					58EC84CD1AD663C000D032BD = {
						CreatedOnToolsVersion = 6.2;
						TestTargetID = 58EC84B41AD663C000D032BD;
					};
					58EC84E11AD663D700D032BD = {
						CreatedOnToolsVersion = 6.2;
					};
					58EC84EC1AD663D700D032BD = {
						CreatedOnToolsVersion = 6.2;
					};
				};
			};
			buildConfigurationList = 58EC84B01AD663C000D032BD /* Build configuration list for PBXProject "WatchKitExample" */;
			compatibilityVersion = "Xcode 3.2";
			developmentRegion = English;
			hasScannedForEncodings = 0;
			knownRegions = (
				en,
				Base,
			);
			mainGroup = 58EC84AC1AD663C000D032BD;
			productRefGroup = 58EC84B61AD663C000D032BD /* Products */;
			projectDirPath = "";
			projectRoot = "";
			targets = (
				58EC84B41AD663C000D032BD /* WatchKitExample */,
				58EC84CD1AD663C000D032BD /* WatchKitExampleTests */,
				58EC84E11AD663D700D032BD /* WatchKitExample WatchKit Extension */,
				58EC84EC1AD663D700D032BD /* WatchKitExample WatchKit App */,
			);
		};
/* End PBXProject section */

/* Begin PBXResourcesBuildPhase section */
		58EC84B31AD663C000D032BD /* Resources */ = {
			isa = PBXResourcesBuildPhase;
			buildActionMask = 2147483647;
			files = (
				58EC84C41AD663C000D032BD /* Main.storyboard in Resources */,
				58EC84C91AD663C000D032BD /* LaunchScreen.xib in Resources */,
				58EC84C61AD663C000D032BD /* Images.xcassets in Resources */,
			);
			runOnlyForDeploymentPostprocessing = 0;
		};
		58EC84CC1AD663C000D032BD /* Resources */ = {
			isa = PBXResourcesBuildPhase;
			buildActionMask = 2147483647;
			files = (
			);
			runOnlyForDeploymentPostprocessing = 0;
		};
		58EC84E01AD663D700D032BD /* Resources */ = {
			isa = PBXResourcesBuildPhase;
			buildActionMask = 2147483647;
			files = (
				58EC84EE1AD663D700D032BD /* WatchKitExample WatchKit App.app in Resources */,
				58EC84EA1AD663D700D032BD /* Images.xcassets in Resources */,
			);
			runOnlyForDeploymentPostprocessing = 0;
		};
		58EC84EB1AD663D700D032BD /* Resources */ = {
			isa = PBXResourcesBuildPhase;
			buildActionMask = 2147483647;
			files = (
				58EC84F61AD663D700D032BD /* Interface.storyboard in Resources */,
				58EC84F81AD663D700D032BD /* Images.xcassets in Resources */,
			);
			runOnlyForDeploymentPostprocessing = 0;
		};
/* End PBXResourcesBuildPhase section */

/* Begin PBXShellScriptBuildPhase section */
		92078AB4BA84D3EADAE3FC2E /* Check Pods Manifest.lock */ = {
			isa = PBXShellScriptBuildPhase;
			buildActionMask = 2147483647;
			files = (
			);
			inputPaths = (
			);
			name = "Check Pods Manifest.lock";
			outputPaths = (
			);
			runOnlyForDeploymentPostprocessing = 0;
			shellPath = /bin/sh;
			shellScript = "diff \"${PODS_ROOT}/../Podfile.lock\" \"${PODS_ROOT}/Manifest.lock\" > /dev/null\nif [[ $? != 0 ]] ; then\n    cat << EOM\nerror: The sandbox is not in sync with the Podfile.lock. Run 'pod install' or update your CocoaPods installation.\nEOM\n    exit 1\nfi\n";
			showEnvVarsInLog = 0;
		};
		DCC79D0F9BA146AFECDC19F8 /* Copy Pods Resources */ = {
			isa = PBXShellScriptBuildPhase;
			buildActionMask = 2147483647;
			files = (
			);
			inputPaths = (
			);
			name = "Copy Pods Resources";
			outputPaths = (
			);
			runOnlyForDeploymentPostprocessing = 0;
			shellPath = /bin/sh;
			shellScript = "\"${SRCROOT}/Pods/Target Support Files/Pods-WatchKitExample/Pods-WatchKitExample-resources.sh\"\n";
			showEnvVarsInLog = 0;
		};
/* End PBXShellScriptBuildPhase section */

/* Begin PBXSourcesBuildPhase section */
		58EC84B11AD663C000D032BD /* Sources */ = {
			isa = PBXSourcesBuildPhase;
			buildActionMask = 2147483647;
			files = (
				58EC84C11AD663C000D032BD /* ViewController.m in Sources */,
				58EC84BE1AD663C000D032BD /* AppDelegate.m in Sources */,
				58EC84BB1AD663C000D032BD /* main.m in Sources */,
			);
			runOnlyForDeploymentPostprocessing = 0;
		};
		58EC84CA1AD663C000D032BD /* Sources */ = {
			isa = PBXSourcesBuildPhase;
			buildActionMask = 2147483647;
			files = (
				58EC84D51AD663C000D032BD /* WatchKitExampleTests.m in Sources */,
			);
			runOnlyForDeploymentPostprocessing = 0;
		};
		58EC84DE1AD663D700D032BD /* Sources */ = {
			isa = PBXSourcesBuildPhase;
			buildActionMask = 2147483647;
			files = (
				58EC84E81AD663D700D032BD /* InterfaceController.m in Sources */,
			);
			runOnlyForDeploymentPostprocessing = 0;
		};
/* End PBXSourcesBuildPhase section */

/* Begin PBXTargetDependency section */
		58EC84D01AD663C000D032BD /* PBXTargetDependency */ = {
			isa = PBXTargetDependency;
			target = 58EC84B41AD663C000D032BD /* WatchKitExample */;
			targetProxy = 58EC84CF1AD663C000D032BD /* PBXContainerItemProxy */;
		};
		58EC84F01AD663D700D032BD /* PBXTargetDependency */ = {
			isa = PBXTargetDependency;
			target = 58EC84EC1AD663D700D032BD /* WatchKitExample WatchKit App */;
			targetProxy = 58EC84EF1AD663D700D032BD /* PBXContainerItemProxy */;
		};
		58EC84FA1AD663D700D032BD /* PBXTargetDependency */ = {
			isa = PBXTargetDependency;
			target = 58EC84E11AD663D700D032BD /* WatchKitExample WatchKit Extension */;
			targetProxy = 58EC84F91AD663D700D032BD /* PBXContainerItemProxy */;
		};
/* End PBXTargetDependency section */

/* Begin PBXVariantGroup section */
		58EC84C21AD663C000D032BD /* Main.storyboard */ = {
			isa = PBXVariantGroup;
			children = (
				58EC84C31AD663C000D032BD /* Base */,
			);
			name = Main.storyboard;
			sourceTree = "<group>";
		};
		58EC84C71AD663C000D032BD /* LaunchScreen.xib */ = {
			isa = PBXVariantGroup;
			children = (
				58EC84C81AD663C000D032BD /* Base */,
			);
			name = LaunchScreen.xib;
			sourceTree = "<group>";
		};
		58EC84F41AD663D700D032BD /* Interface.storyboard */ = {
			isa = PBXVariantGroup;
			children = (
				58EC84F51AD663D700D032BD /* Base */,
			);
			name = Interface.storyboard;
			sourceTree = "<group>";
		};
/* End PBXVariantGroup section */

/* Begin XCBuildConfiguration section */
		58EC84D61AD663C000D032BD /* Debug */ = {
			isa = XCBuildConfiguration;
			buildSettings = {
				ALWAYS_SEARCH_USER_PATHS = NO;
				CLANG_CXX_LANGUAGE_STANDARD = "gnu++0x";
				CLANG_CXX_LIBRARY = "libc++";
				CLANG_ENABLE_MODULES = YES;
				CLANG_ENABLE_OBJC_ARC = YES;
				CLANG_WARN_BOOL_CONVERSION = YES;
				CLANG_WARN_CONSTANT_CONVERSION = YES;
				CLANG_WARN_DIRECT_OBJC_ISA_USAGE = YES_ERROR;
				CLANG_WARN_EMPTY_BODY = YES;
				CLANG_WARN_ENUM_CONVERSION = YES;
				CLANG_WARN_INT_CONVERSION = YES;
				CLANG_WARN_OBJC_ROOT_CLASS = YES_ERROR;
				CLANG_WARN_UNREACHABLE_CODE = YES;
				CLANG_WARN__DUPLICATE_METHOD_MATCH = YES;
				"CODE_SIGN_IDENTITY[sdk=iphoneos*]" = "iPhone Developer";
				COPY_PHASE_STRIP = NO;
				ENABLE_STRICT_OBJC_MSGSEND = YES;
				GCC_C_LANGUAGE_STANDARD = gnu99;
				GCC_DYNAMIC_NO_PIC = NO;
				GCC_OPTIMIZATION_LEVEL = 0;
				GCC_PREPROCESSOR_DEFINITIONS = (
					"DEBUG=1",
					"$(inherited)",
				);
				GCC_SYMBOLS_PRIVATE_EXTERN = NO;
				GCC_WARN_64_TO_32_BIT_CONVERSION = YES;
				GCC_WARN_ABOUT_RETURN_TYPE = YES_ERROR;
				GCC_WARN_UNDECLARED_SELECTOR = YES;
				GCC_WARN_UNINITIALIZED_AUTOS = YES_AGGRESSIVE;
				GCC_WARN_UNUSED_FUNCTION = YES;
				GCC_WARN_UNUSED_VARIABLE = YES;
				IPHONEOS_DEPLOYMENT_TARGET = 8.2;
				MTL_ENABLE_DEBUG_INFO = YES;
				ONLY_ACTIVE_ARCH = YES;
				SDKROOT = iphoneos;
			};
			name = Debug;
		};
		58EC84D71AD663C000D032BD /* Release */ = {
			isa = XCBuildConfiguration;
			buildSettings = {
				ALWAYS_SEARCH_USER_PATHS = NO;
				CLANG_CXX_LANGUAGE_STANDARD = "gnu++0x";
				CLANG_CXX_LIBRARY = "libc++";
				CLANG_ENABLE_MODULES = YES;
				CLANG_ENABLE_OBJC_ARC = YES;
				CLANG_WARN_BOOL_CONVERSION = YES;
				CLANG_WARN_CONSTANT_CONVERSION = YES;
				CLANG_WARN_DIRECT_OBJC_ISA_USAGE = YES_ERROR;
				CLANG_WARN_EMPTY_BODY = YES;
				CLANG_WARN_ENUM_CONVERSION = YES;
				CLANG_WARN_INT_CONVERSION = YES;
				CLANG_WARN_OBJC_ROOT_CLASS = YES_ERROR;
				CLANG_WARN_UNREACHABLE_CODE = YES;
				CLANG_WARN__DUPLICATE_METHOD_MATCH = YES;
				"CODE_SIGN_IDENTITY[sdk=iphoneos*]" = "iPhone Developer";
				COPY_PHASE_STRIP = NO;
				ENABLE_NS_ASSERTIONS = NO;
				ENABLE_STRICT_OBJC_MSGSEND = YES;
				GCC_C_LANGUAGE_STANDARD = gnu99;
				GCC_WARN_64_TO_32_BIT_CONVERSION = YES;
				GCC_WARN_ABOUT_RETURN_TYPE = YES_ERROR;
				GCC_WARN_UNDECLARED_SELECTOR = YES;
				GCC_WARN_UNINITIALIZED_AUTOS = YES_AGGRESSIVE;
				GCC_WARN_UNUSED_FUNCTION = YES;
				GCC_WARN_UNUSED_VARIABLE = YES;
				IPHONEOS_DEPLOYMENT_TARGET = 8.2;
				MTL_ENABLE_DEBUG_INFO = NO;
				SDKROOT = iphoneos;
				VALIDATE_PRODUCT = YES;
			};
			name = Release;
		};
		58EC84D91AD663C000D032BD /* Debug */ = {
			isa = XCBuildConfiguration;
			baseConfigurationReference = 84D7B8C377316E9C00BD0661 /* Pods-WatchKitExample.debug.xcconfig */;
			buildSettings = {
				ASSETCATALOG_COMPILER_APPICON_NAME = AppIcon;
				INFOPLIST_FILE = WatchKitExample/Info.plist;
				LD_RUNPATH_SEARCH_PATHS = "$(inherited) @executable_path/Frameworks";
				PRODUCT_NAME = "$(TARGET_NAME)";
			};
			name = Debug;
		};
		58EC84DA1AD663C000D032BD /* Release */ = {
			isa = XCBuildConfiguration;
			baseConfigurationReference = 3300AB36B898D0873EEBB277 /* Pods-WatchKitExample.release.xcconfig */;
			buildSettings = {
				ASSETCATALOG_COMPILER_APPICON_NAME = AppIcon;
				INFOPLIST_FILE = WatchKitExample/Info.plist;
				LD_RUNPATH_SEARCH_PATHS = "$(inherited) @executable_path/Frameworks";
				PRODUCT_NAME = "$(TARGET_NAME)";
			};
			name = Release;
		};
		58EC84DC1AD663C000D032BD /* Debug */ = {
			isa = XCBuildConfiguration;
			buildSettings = {
				BUNDLE_LOADER = "$(TEST_HOST)";
				FRAMEWORK_SEARCH_PATHS = (
					"$(SDKROOT)/Developer/Library/Frameworks",
					"$(inherited)",
				);
				GCC_PREPROCESSOR_DEFINITIONS = (
					"DEBUG=1",
					"$(inherited)",
				);
				INFOPLIST_FILE = WatchKitExampleTests/Info.plist;
				LD_RUNPATH_SEARCH_PATHS = "$(inherited) @executable_path/Frameworks @loader_path/Frameworks";
				PRODUCT_NAME = "$(TARGET_NAME)";
				TEST_HOST = "$(BUILT_PRODUCTS_DIR)/WatchKitExample.app/WatchKitExample";
			};
			name = Debug;
		};
		58EC84DD1AD663C000D032BD /* Release */ = {
			isa = XCBuildConfiguration;
			buildSettings = {
				BUNDLE_LOADER = "$(TEST_HOST)";
				FRAMEWORK_SEARCH_PATHS = (
					"$(SDKROOT)/Developer/Library/Frameworks",
					"$(inherited)",
				);
				INFOPLIST_FILE = WatchKitExampleTests/Info.plist;
				LD_RUNPATH_SEARCH_PATHS = "$(inherited) @executable_path/Frameworks @loader_path/Frameworks";
				PRODUCT_NAME = "$(TARGET_NAME)";
				TEST_HOST = "$(BUILT_PRODUCTS_DIR)/WatchKitExample.app/WatchKitExample";
			};
			name = Release;
		};
		58EC84FD1AD663D700D032BD /* Debug */ = {
			isa = XCBuildConfiguration;
			buildSettings = {
				ASSETCATALOG_COMPILER_APPICON_NAME = AppIcon;
				GCC_PREPROCESSOR_DEFINITIONS = (
					"DEBUG=1",
					"$(inherited)",
				);
				IBSC_MODULE = WatchKitExample_WatchKit_Extension;
				INFOPLIST_FILE = "WatchKitExample WatchKit App/Info.plist";
				PRODUCT_NAME = "$(TARGET_NAME)";
				SKIP_INSTALL = YES;
				TARGETED_DEVICE_FAMILY = 4;
				"TARGETED_DEVICE_FAMILY[sdk=iphonesimulator*]" = "1,4";
			};
			name = Debug;
		};
		58EC84FE1AD663D700D032BD /* Release */ = {
			isa = XCBuildConfiguration;
			buildSettings = {
				ASSETCATALOG_COMPILER_APPICON_NAME = AppIcon;
				IBSC_MODULE = WatchKitExample_WatchKit_Extension;
				INFOPLIST_FILE = "WatchKitExample WatchKit App/Info.plist";
				PRODUCT_NAME = "$(TARGET_NAME)";
				SKIP_INSTALL = YES;
				TARGETED_DEVICE_FAMILY = 4;
				"TARGETED_DEVICE_FAMILY[sdk=iphonesimulator*]" = "1,4";
			};
			name = Release;
		};
		58EC85001AD663D700D032BD /* Debug */ = {
			isa = XCBuildConfiguration;
			buildSettings = {
				GCC_PREPROCESSOR_DEFINITIONS = (
					"DEBUG=1",
					"$(inherited)",
				);
				INFOPLIST_FILE = "WatchKitExample WatchKit Extension/Info.plist";
				LD_RUNPATH_SEARCH_PATHS = "$(inherited) @executable_path/Frameworks @executable_path/../../Frameworks";
				PRODUCT_NAME = "${TARGET_NAME}";
				SKIP_INSTALL = YES;
			};
			name = Debug;
		};
		58EC85011AD663D700D032BD /* Release */ = {
			isa = XCBuildConfiguration;
			buildSettings = {
				INFOPLIST_FILE = "WatchKitExample WatchKit Extension/Info.plist";
				LD_RUNPATH_SEARCH_PATHS = "$(inherited) @executable_path/Frameworks @executable_path/../../Frameworks";
				PRODUCT_NAME = "${TARGET_NAME}";
				SKIP_INSTALL = YES;
			};
			name = Release;
		};
/* End XCBuildConfiguration section */

/* Begin XCConfigurationList section */
		58EC84B01AD663C000D032BD /* Build configuration list for PBXProject "WatchKitExample" */ = {
			isa = XCConfigurationList;
			buildConfigurations = (
				58EC84D61AD663C000D032BD /* Debug */,
				58EC84D71AD663C000D032BD /* Release */,
			);
			defaultConfigurationIsVisible = 0;
			defaultConfigurationName = Release;
		};
		58EC84D81AD663C000D032BD /* Build configuration list for PBXNativeTarget "WatchKitExample" */ = {
			isa = XCConfigurationList;
			buildConfigurations = (
				58EC84D91AD663C000D032BD /* Debug */,
				58EC84DA1AD663C000D032BD /* Release */,
			);
			defaultConfigurationIsVisible = 0;
			defaultConfigurationName = Release;
		};
		58EC84DB1AD663C000D032BD /* Build configuration list for PBXNativeTarget "WatchKitExampleTests" */ = {
			isa = XCConfigurationList;
			buildConfigurations = (
				58EC84DC1AD663C000D032BD /* Debug */,
				58EC84DD1AD663C000D032BD /* Release */,
			);
			defaultConfigurationIsVisible = 0;
			defaultConfigurationName = Release;
		};
		58EC84FC1AD663D700D032BD /* Build configuration list for PBXNativeTarget "WatchKitExample WatchKit App" */ = {
			isa = XCConfigurationList;
			buildConfigurations = (
				58EC84FD1AD663D700D032BD /* Debug */,
				58EC84FE1AD663D700D032BD /* Release */,
			);
			defaultConfigurationIsVisible = 0;
			defaultConfigurationName = Release;
		};
		58EC84FF1AD663D700D032BD /* Build configuration list for PBXNativeTarget "WatchKitExample WatchKit Extension" */ = {
			isa = XCConfigurationList;
			buildConfigurations = (
				58EC85001AD663D700D032BD /* Debug */,
				58EC85011AD663D700D032BD /* Release */,
			);
			defaultConfigurationIsVisible = 0;
			defaultConfigurationName = Release;
		};
/* End XCConfigurationList section */
	};
	rootObject = 58EC84AD1AD663C000D032BD /* Project object */;
}
